
Microsoft Visual Studio Solution File, Format Version 12.00
# Visual Studio 15
VisualStudioVersion = 15.0.27130.2027
MinimumVisualStudioVersion = 10.0.40219.1
Project("{FAE04EC0-301F-11D3-BF4B-00C04F79EFBC}") = "VPlusSalesManagerCloud", "VPlusSalesManagerCloud\VPlusSalesManagerCloud.csproj", "{145DB80F-3325-480A-96A1-8DC284BB385A}"
EndProject
Global
	GlobalSection(SolutionConfigurationPlatforms) = preSolution
		Debug|Any CPU = Debug|Any CPU
		Release|Any CPU = Release|Any CPU
	EndGlobalSection
	GlobalSection(ProjectConfigurationPlatforms) = postSolution
		{145DB80F-3325-480A-96A1-8DC284BB385A}.Debug|Any CPU.ActiveCfg = Debug|Any CPU
		{145DB80F-3325-480A-96A1-8DC284BB385A}.Debug|Any CPU.Build.0 = Debug|Any CPU
		{145DB80F-3325-480A-96A1-8DC284BB385A}.Release|Any CPU.ActiveCfg = Release|Any CPU
		{145DB80F-3325-480A-96A1-8DC284BB385A}.Release|Any CPU.Build.0 = Release|Any CPU
	EndGlobalSection
	GlobalSection(SolutionProperties) = preSolution
		HideSolutionNode = FALSE
	EndGlobalSection
	GlobalSection(ExtensibilityGlobals) = postSolution
		SolutionGuid = {EADDF940-B16C-4241-A6E4-2B4F8DBBC028}
	EndGlobalSection
EndGlobal
